{
  "name": "package-test",
  "lockfileVersion": 3,
  "requires": true,
  "packages": {
    "": {
      "workspaces": [
        "BugReportOnWeb/packages/*",
        "@BugReportOnWeb/packages/url-resolver"
      ]
    },
    "@BugReportOnWeb/packages/url-resolver": {
      "version": "1.0.0",
      "license": "ISC"
    },
    "node_modules/url-resolver": {
      "resolved": "@BugReportOnWeb/packages/url-resolver",
      "link": true
    }
  }
}
